
Microsoft Visual Studio Solution File, Format Version 12.00
# Visual Studio Version 17
VisualStudioVersion = 17.10.34928.147
MinimumVisualStudioVersion = 10.0.40219.1
Project("{FAE04EC0-301F-11D3-BF4B-00C04F79EFBC}") = "Boucles", "Boucles\Boucles.csproj", "{8E8B82D4-5538-4719-96EE-EE5B886C8383}"
EndProject
Global
	GlobalSection(SolutionConfigurationPlatforms) = preSolution
		Debug|Any CPU = Debug|Any CPU
		Release|Any CPU = Release|Any CPU
	EndGlobalSection
	GlobalSection(ProjectConfigurationPlatforms) = postSolution
		{8E8B82D4-5538-4719-96EE-EE5B886C8383}.Debug|Any CPU.ActiveCfg = Debug|Any CPU
		{8E8B82D4-5538-4719-96EE-EE5B886C8383}.Debug|Any CPU.Build.0 = Debug|Any CPU
		{8E8B82D4-5538-4719-96EE-EE5B886C8383}.Release|Any CPU.ActiveCfg = Release|Any CPU
		{8E8B82D4-5538-4719-96EE-EE5B886C8383}.Release|Any CPU.Build.0 = Release|Any CPU
	EndGlobalSection
	GlobalSection(SolutionProperties) = preSolution
		HideSolutionNode = FALSE
	EndGlobalSection
	GlobalSection(ExtensibilityGlobals) = postSolution
		SolutionGuid = {9711A17C-29E9-4EFD-AA89-04044EC155B5}
	EndGlobalSection
EndGlobal
